// !$*UTF8*$!
{
	archiveVersion = 1;
	classes = {
	};
	objectVersion = 50;
	objects = {

/* Begin PBXBuildFile section */
		1256F6A4218EABFF00675C4C /* StateListViewController.swift in Sources */ = {isa = PBXBuildFile; fileRef = 1256F6A3218EABFF00675C4C /* StateListViewController.swift */; };
		1256F6A8218EE50400675C4C /* State.swift in Sources */ = {isa = PBXBuildFile; fileRef = 1256F6A7218EE50400675C4C /* State.swift */; };
		1256F6AC218F304300675C4C /* HolidayTableViewCell.swift in Sources */ = {isa = PBXBuildFile; fileRef = 1256F6AA218F304300675C4C /* HolidayTableViewCell.swift */; };
		1256F6AD218F304300675C4C /* HolidayTableViewCell.xib in Resources */ = {isa = PBXBuildFile; fileRef = 1256F6AB218F304300675C4C /* HolidayTableViewCell.xib */; };
		12DBC4502182246400B2806F /* AppDelegate.swift in Sources */ = {isa = PBXBuildFile; fileRef = 12DBC44F2182246400B2806F /* AppDelegate.swift */; };
		12DBC4522182246400B2806F /* HolidayListController.swift in Sources */ = {isa = PBXBuildFile; fileRef = 12DBC4512182246400B2806F /* HolidayListController.swift */; };
		12DBC4552182246400B2806F /* Main.storyboard in Resources */ = {isa = PBXBuildFile; fileRef = 12DBC4532182246400B2806F /* Main.storyboard */; };
		12DBC4572182246500B2806F /* Assets.xcassets in Resources */ = {isa = PBXBuildFile; fileRef = 12DBC4562182246500B2806F /* Assets.xcassets */; };
		12DBC45A2182246500B2806F /* LaunchScreen.storyboard in Resources */ = {isa = PBXBuildFile; fileRef = 12DBC4582182246500B2806F /* LaunchScreen.storyboard */; };
		12DBC46621822D2800B2806F /* Holiday.swift in Sources */ = {isa = PBXBuildFile; fileRef = 12DBC46521822D2800B2806F /* Holiday.swift */; };
		12DBC468218234E400B2806F /* GoogleService-Info.plist in Resources */ = {isa = PBXBuildFile; fileRef = 12DBC467218234E400B2806F /* GoogleService-Info.plist */; };
		4EC80F63986734780EE63252 /* Pods_Unwind___Holiday_List.framework in Frameworks */ = {isa = PBXBuildFile; fileRef = 5E0A3F8F93C0CCE42E5FA348 /* Pods_Unwind___Holiday_List.framework */; };
/* End PBXBuildFile section */

/* Begin PBXFileReference section */
		1256F6A3218EABFF00675C4C /* StateListViewController.swift */ = {isa = PBXFileReference; lastKnownFileType = sourcecode.swift; path = StateListViewController.swift; sourceTree = "<group>"; };
		1256F6A7218EE50400675C4C /* State.swift */ = {isa = PBXFileReference; lastKnownFileType = sourcecode.swift; path = State.swift; sourceTree = "<group>"; };
		1256F6AA218F304300675C4C /* HolidayTableViewCell.swift */ = {isa = PBXFileReference; lastKnownFileType = sourcecode.swift; path = HolidayTableViewCell.swift; sourceTree = "<group>"; };
		1256F6AB218F304300675C4C /* HolidayTableViewCell.xib */ = {isa = PBXFileReference; lastKnownFileType = file.xib; path = HolidayTableViewCell.xib; sourceTree = "<group>"; };
		12DBC44C2182246400B2806F /* Unwind - Holiday List.app */ = {isa = PBXFileReference; explicitFileType = wrapper.application; includeInIndex = 0; path = "Unwind - Holiday List.app"; sourceTree = BUILT_PRODUCTS_DIR; };
		12DBC44F2182246400B2806F /* AppDelegate.swift */ = {isa = PBXFileReference; lastKnownFileType = sourcecode.swift; path = AppDelegate.swift; sourceTree = "<group>"; };
		12DBC4512182246400B2806F /* HolidayListController.swift */ = {isa = PBXFileReference; lastKnownFileType = sourcecode.swift; path = HolidayListController.swift; sourceTree = "<group>"; };
		12DBC4542182246400B2806F /* Base */ = {isa = PBXFileReference; lastKnownFileType = file.storyboard; name = Base; path = Base.lproj/Main.storyboard; sourceTree = "<group>"; };
		12DBC4562182246500B2806F /* Assets.xcassets */ = {isa = PBXFileReference; lastKnownFileType = folder.assetcatalog; path = Assets.xcassets; sourceTree = "<group>"; };
		12DBC4592182246500B2806F /* Base */ = {isa = PBXFileReference; lastKnownFileType = file.storyboard; name = Base; path = Base.lproj/LaunchScreen.storyboard; sourceTree = "<group>"; };
		12DBC45B2182246500B2806F /* Info.plist */ = {isa = PBXFileReference; lastKnownFileType = text.plist.xml; path = Info.plist; sourceTree = "<group>"; };
		12DBC46521822D2800B2806F /* Holiday.swift */ = {isa = PBXFileReference; lastKnownFileType = sourcecode.swift; path = Holiday.swift; sourceTree = "<group>"; };
		12DBC467218234E400B2806F /* GoogleService-Info.plist */ = {isa = PBXFileReference; fileEncoding = 4; lastKnownFileType = text.plist.xml; path = "GoogleService-Info.plist"; sourceTree = SOURCE_ROOT; };
		5E0A3F8F93C0CCE42E5FA348 /* Pods_Unwind___Holiday_List.framework */ = {isa = PBXFileReference; explicitFileType = wrapper.framework; includeInIndex = 0; path = "Pods_Unwind___Holiday_List.framework"; sourceTree = BUILT_PRODUCTS_DIR; };
		7A3AC5FEDF6379C71A793C66 /* Pods-Unwind - Holiday List.debug.xcconfig */ = {isa = PBXFileReference; includeInIndex = 1; lastKnownFileType = text.xcconfig; name = "Pods-Unwind - Holiday List.debug.xcconfig"; path = "Pods/Target Support Files/Pods-Unwind - Holiday List/Pods-Unwind - Holiday List.debug.xcconfig"; sourceTree = "<group>"; };
		B4F1E4D93578300225525313 /* Pods-Unwind - Holiday List.release.xcconfig */ = {isa = PBXFileReference; includeInIndex = 1; lastKnownFileType = text.xcconfig; name = "Pods-Unwind - Holiday List.release.xcconfig"; path = "Pods/Target Support Files/Pods-Unwind - Holiday List/Pods-Unwind - Holiday List.release.xcconfig"; sourceTree = "<group>"; };
/* End PBXFileReference section */

/* Begin PBXFrameworksBuildPhase section */
		12DBC4492182246400B2806F /* Frameworks */ = {
			isa = PBXFrameworksBuildPhase;
			buildActionMask = 2147483647;
			files = (
				4EC80F63986734780EE63252 /* Pods_Unwind___Holiday_List.framework in Frameworks */,
			);
			runOnlyForDeploymentPostprocessing = 0;
		};
/* End PBXFrameworksBuildPhase section */

/* Begin PBXGroup section */
		1256F6A9218F302700675C4C /* HolidayCell */ = {
			isa = PBXGroup;
			children = (
				1256F6AA218F304300675C4C /* HolidayTableViewCell.swift */,
				1256F6AB218F304300675C4C /* HolidayTableViewCell.xib */,
			);
			path = HolidayCell;
			sourceTree = "<group>";
		};
		12DBC4432182246400B2806F = {
			isa = PBXGroup;
			children = (
				12DBC44E2182246400B2806F /* Unwind - Holiday List */,
				12DBC44D2182246400B2806F /* Products */,
				532D1548A8E3A69F1A481FDE /* Pods */,
				3B01163E5475A5E8FF06B297 /* Frameworks */,
			);
			sourceTree = "<group>";
		};
		12DBC44D2182246400B2806F /* Products */ = {
			isa = PBXGroup;
			children = (
				12DBC44C2182246400B2806F /* Unwind - Holiday List.app */,
			);
			name = Products;
			sourceTree = "<group>";
		};
		12DBC44E2182246400B2806F /* Unwind - Holiday List */ = {
			isa = PBXGroup;
			children = (
				12DBC46421822CF100B2806F /* Model */,
				12DBC46221822CCE00B2806F /* Controller */,
				12DBC46321822CE900B2806F /* View */,
				12DBC4562182246500B2806F /* Assets.xcassets */,
				12DBC45B2182246500B2806F /* Info.plist */,
				12DBC467218234E400B2806F /* GoogleService-Info.plist */,
			);
			path = "Unwind - Holiday List";
			sourceTree = "<group>";
		};
		12DBC46221822CCE00B2806F /* Controller */ = {
			isa = PBXGroup;
			children = (
				12DBC44F2182246400B2806F /* AppDelegate.swift */,
				12DBC4512182246400B2806F /* HolidayListController.swift */,
				1256F6A3218EABFF00675C4C /* StateListViewController.swift */,
			);
			path = Controller;
			sourceTree = "<group>";
		};
		12DBC46321822CE900B2806F /* View */ = {
			isa = PBXGroup;
			children = (
				1256F6A9218F302700675C4C /* HolidayCell */,
				12DBC4532182246400B2806F /* Main.storyboard */,
				12DBC4582182246500B2806F /* LaunchScreen.storyboard */,
			);
			path = View;
			sourceTree = "<group>";
		};
		12DBC46421822CF100B2806F /* Model */ = {
			isa = PBXGroup;
			children = (
				12DBC46521822D2800B2806F /* Holiday.swift */,
				1256F6A7218EE50400675C4C /* State.swift */,
			);
			name = Model;
			sourceTree = "<group>";
		};
		3B01163E5475A5E8FF06B297 /* Frameworks */ = {
			isa = PBXGroup;
			children = (
				5E0A3F8F93C0CCE42E5FA348 /* Pods_Unwind___Holiday_List.framework */,
			);
			name = Frameworks;
			sourceTree = "<group>";
		};
		532D1548A8E3A69F1A481FDE /* Pods */ = {
			isa = PBXGroup;
			children = (
				7A3AC5FEDF6379C71A793C66 /* Pods-Unwind - Holiday List.debug.xcconfig */,
				B4F1E4D93578300225525313 /* Pods-Unwind - Holiday List.release.xcconfig */,
			);
			name = Pods;
			sourceTree = "<group>";
		};
/* End PBXGroup section */

/* Begin PBXNativeTarget section */
		12DBC44B2182246400B2806F /* Unwind - Holiday List */ = {
			isa = PBXNativeTarget;
			buildConfigurationList = 12DBC45E2182246500B2806F /* Build configuration list for PBXNativeTarget "Unwind - Holiday List" */;
			buildPhases = (
				C8E756E98B89C713C5C92EC1 /* [CP] Check Pods Manifest.lock */,
				12DBC4482182246400B2806F /* Sources */,
				12DBC4492182246400B2806F /* Frameworks */,
				12DBC44A2182246400B2806F /* Resources */,
				4861D20E7ACC681DA4A8159C /* [CP] Embed Pods Frameworks */,
			);
			buildRules = (
			);
			dependencies = (
			);
			name = "Unwind - Holiday List";
			productName = "Unwind - Holiday List";
			productReference = 12DBC44C2182246400B2806F /* Unwind - Holiday List.app */;
			productType = "com.apple.product-type.application";
		};
/* End PBXNativeTarget section */

/* Begin PBXProject section */
		12DBC4442182246400B2806F /* Project object */ = {
			isa = PBXProject;
			attributes = {
				LastSwiftUpdateCheck = 1000;
				LastUpgradeCheck = 1000;
				ORGANIZATIONNAME = "Anishgopal Venugopal";
				TargetAttributes = {
					12DBC44B2182246400B2806F = {
						CreatedOnToolsVersion = 10.0;
					};
				};
			};
			buildConfigurationList = 12DBC4472182246400B2806F /* Build configuration list for PBXProject "Unwind - Holiday List" */;
			compatibilityVersion = "Xcode 9.3";
			developmentRegion = en;
			hasScannedForEncodings = 0;
			knownRegions = (
				en,
				Base,
			);
			mainGroup = 12DBC4432182246400B2806F;
			productRefGroup = 12DBC44D2182246400B2806F /* Products */;
			projectDirPath = "";
			projectRoot = "";
			targets = (
				12DBC44B2182246400B2806F /* Unwind - Holiday List */,
			);
		};
/* End PBXProject section */

/* Begin PBXResourcesBuildPhase section */
		12DBC44A2182246400B2806F /* Resources */ = {
			isa = PBXResourcesBuildPhase;
			buildActionMask = 2147483647;
			files = (
				1256F6AD218F304300675C4C /* HolidayTableViewCell.xib in Resources */,
				12DBC45A2182246500B2806F /* LaunchScreen.storyboard in Resources */,
				12DBC468218234E400B2806F /* GoogleService-Info.plist in Resources */,
				12DBC4572182246500B2806F /* Assets.xcassets in Resources */,
				12DBC4552182246400B2806F /* Main.storyboard in Resources */,
			);
			runOnlyForDeploymentPostprocessing = 0;
		};
/* End PBXResourcesBuildPhase section */

/* Begin PBXShellScriptBuildPhase section */
		4861D20E7ACC681DA4A8159C /* [CP] Embed Pods Frameworks */ = {
			isa = PBXShellScriptBuildPhase;
			buildActionMask = 2147483647;
			files = (
			);
			inputFileListPaths = (
			);
			inputPaths = (
				"${SRCROOT}/Pods/Target Support Files/Pods-Unwind - Holiday List/Pods-Unwind - Holiday List-frameworks.sh",
				"${BUILT_PRODUCTS_DIR}/Alamofire/Alamofire.framework",
				"${BUILT_PRODUCTS_DIR}/Realm/Realm.framework",
				"${BUILT_PRODUCTS_DIR}/RealmSwift/RealmSwift.framework",
				"${BUILT_PRODUCTS_DIR}/SVProgressHUD/SVProgressHUD.framework",
				"${BUILT_PRODUCTS_DIR}/SwiftyJSON/SwiftyJSON.framework",
			);
			name = "[CP] Embed Pods Frameworks";
			outputFileListPaths = (
			);
			outputPaths = (
				"${TARGET_BUILD_DIR}/${FRAMEWORKS_FOLDER_PATH}/Alamofire.framework",
				"${TARGET_BUILD_DIR}/${FRAMEWORKS_FOLDER_PATH}/Realm.framework",
				"${TARGET_BUILD_DIR}/${FRAMEWORKS_FOLDER_PATH}/RealmSwift.framework",
				"${TARGET_BUILD_DIR}/${FRAMEWORKS_FOLDER_PATH}/SVProgressHUD.framework",
				"${TARGET_BUILD_DIR}/${FRAMEWORKS_FOLDER_PATH}/SwiftyJSON.framework",
			);
			runOnlyForDeploymentPostprocessing = 0;
			shellPath = /bin/sh;
			shellScript = "\"${SRCROOT}/Pods/Target Support Files/Pods-Unwind - Holiday List/Pods-Unwind - Holiday List-frameworks.sh\"\n";
			showEnvVarsInLog = 0;
		};
		C8E756E98B89C713C5C92EC1 /* [CP] Check Pods Manifest.lock */ = {
			isa = PBXShellScriptBuildPhase;
			buildActionMask = 2147483647;
			files = (
			);
			inputFileListPaths = (
			);
			inputPaths = (
				"${PODS_PODFILE_DIR_PATH}/Podfile.lock",
				"${PODS_ROOT}/Manifest.lock",
			);
			name = "[CP] Check Pods Manifest.lock";
			outputFileListPaths = (
			);
			outputPaths = (
				"$(DERIVED_FILE_DIR)/Pods-Unwind - Holiday List-checkManifestLockResult.txt",
			);
			runOnlyForDeploymentPostprocessing = 0;
			shellPath = /bin/sh;
			shellScript = "diff \"${PODS_PODFILE_DIR_PATH}/Podfile.lock\" \"${PODS_ROOT}/Manifest.lock\" > /dev/null\nif [ $? != 0 ] ; then\n    # print error to STDERR\n    echo \"error: The sandbox is not in sync with the Podfile.lock. Run 'pod install' or update your CocoaPods installation.\" >&2\n    exit 1\nfi\n# This output is used by Xcode 'outputs' to avoid re-running this script phase.\necho \"SUCCESS\" > \"${SCRIPT_OUTPUT_FILE_0}\"\n";
			showEnvVarsInLog = 0;
		};
/* End PBXShellScriptBuildPhase section */

/* Begin PBXSourcesBuildPhase section */
		12DBC4482182246400B2806F /* Sources */ = {
			isa = PBXSourcesBuildPhase;
			buildActionMask = 2147483647;
			files = (
				1256F6AC218F304300675C4C /* HolidayTableViewCell.swift in Sources */,
				1256F6A4218EABFF00675C4C /* StateListViewController.swift in Sources */,
				12DBC46621822D2800B2806F /* Holiday.swift in Sources */,
				12DBC4522182246400B2806F /* HolidayListController.swift in Sources */,
				12DBC4502182246400B2806F /* AppDelegate.swift in Sources */,
				1256F6A8218EE50400675C4C /* State.swift in Sources */,
			);
			runOnlyForDeploymentPostprocessing = 0;
		};
/* End PBXSourcesBuildPhase section */

/* Begin PBXVariantGroup section */
		12DBC4532182246400B2806F /* Main.storyboard */ = {
			isa = PBXVariantGroup;
			children = (
				12DBC4542182246400B2806F /* Base */,
			);
			name = Main.storyboard;
			sourceTree = "<group>";
		};
		12DBC4582182246500B2806F /* LaunchScreen.storyboard */ = {
			isa = PBXVariantGroup;
			children = (
				12DBC4592182246500B2806F /* Base */,
			);
			name = LaunchScreen.storyboard;
			sourceTree = "<group>";
		};
/* End PBXVariantGroup section */

/* Begin XCBuildConfiguration section */
		12DBC45C2182246500B2806F /* Debug */ = {
			isa = XCBuildConfiguration;
			buildSettings = {
				ALWAYS_SEARCH_USER_PATHS = NO;
				CLANG_ANALYZER_NONNULL = YES;
				CLANG_ANALYZER_NUMBER_OBJECT_CONVERSION = YES_AGGRESSIVE;
				CLANG_CXX_LANGUAGE_STANDARD = "gnu++14";
				CLANG_CXX_LIBRARY = "libc++";
				CLANG_ENABLE_MODULES = YES;
				CLANG_ENABLE_OBJC_ARC = YES;
				CLANG_ENABLE_OBJC_WEAK = YES;
				CLANG_WARN_BLOCK_CAPTURE_AUTORELEASING = YES;
				CLANG_WARN_BOOL_CONVERSION = YES;
				CLANG_WARN_COMMA = YES;
				CLANG_WARN_CONSTANT_CONVERSION = YES;
				CLANG_WARN_DEPRECATED_OBJC_IMPLEMENTATIONS = YES;
				CLANG_WARN_DIRECT_OBJC_ISA_USAGE = YES_ERROR;
				CLANG_WARN_DOCUMENTATION_COMMENTS = YES;
				CLANG_WARN_EMPTY_BODY = YES;
				CLANG_WARN_ENUM_CONVERSION = YES;
				CLANG_WARN_INFINITE_RECURSION = YES;
				CLANG_WARN_INT_CONVERSION = YES;
				CLANG_WARN_NON_LITERAL_NULL_CONVERSION = YES;
				CLANG_WARN_OBJC_IMPLICIT_RETAIN_SELF = YES;
				CLANG_WARN_OBJC_LITERAL_CONVERSION = YES;
				CLANG_WARN_OBJC_ROOT_CLASS = YES_ERROR;
				CLANG_WARN_RANGE_LOOP_ANALYSIS = YES;
				CLANG_WARN_STRICT_PROTOTYPES = YES;
				CLANG_WARN_SUSPICIOUS_MOVE = YES;
				CLANG_WARN_UNGUARDED_AVAILABILITY = YES_AGGRESSIVE;
				CLANG_WARN_UNREACHABLE_CODE = YES;
				CLANG_WARN__DUPLICATE_METHOD_MATCH = YES;
				CODE_SIGN_IDENTITY = "iPhone Developer";
				COPY_PHASE_STRIP = NO;
				DEBUG_INFORMATION_FORMAT = dwarf;
				ENABLE_STRICT_OBJC_MSGSEND = YES;
				ENABLE_TESTABILITY = YES;
				GCC_C_LANGUAGE_STANDARD = gnu11;
				GCC_DYNAMIC_NO_PIC = NO;
				GCC_NO_COMMON_BLOCKS = YES;
				GCC_OPTIMIZATION_LEVEL = 0;
				GCC_PREPROCESSOR_DEFINITIONS = (
					"DEBUG=1",
					"$(inherited)",
				);
				GCC_WARN_64_TO_32_BIT_CONVERSION = YES;
				GCC_WARN_ABOUT_RETURN_TYPE = YES_ERROR;
				GCC_WARN_UNDECLARED_SELECTOR = YES;
				GCC_WARN_UNINITIALIZED_AUTOS = YES_AGGRESSIVE;
				GCC_WARN_UNUSED_FUNCTION = YES;
				GCC_WARN_UNUSED_VARIABLE = YES;
				IPHONEOS_DEPLOYMENT_TARGET = 12.0;
				MTL_ENABLE_DEBUG_INFO = INCLUDE_SOURCE;
				MTL_FAST_MATH = YES;
				ONLY_ACTIVE_ARCH = YES;
				SDKROOT = iphoneos;
				SWIFT_ACTIVE_COMPILATION_CONDITIONS = DEBUG;
				SWIFT_OPTIMIZATION_LEVEL = "-Onone";
			};
			name = Debug;
		};
		12DBC45D2182246500B2806F /* Release */ = {
			isa = XCBuildConfiguration;
			buildSettings = {
				ALWAYS_SEARCH_USER_PATHS = NO;
				CLANG_ANALYZER_NONNULL = YES;
				CLANG_ANALYZER_NUMBER_OBJECT_CONVERSION = YES_AGGRESSIVE;
				CLANG_CXX_LANGUAGE_STANDARD = "gnu++14";
				CLANG_CXX_LIBRARY = "libc++";
				CLANG_ENABLE_MODULES = YES;
				CLANG_ENABLE_OBJC_ARC = YES;
				CLANG_ENABLE_OBJC_WEAK = YES;
				CLANG_WARN_BLOCK_CAPTURE_AUTORELEASING = YES;
				CLANG_WARN_BOOL_CONVERSION = YES;
				CLANG_WARN_COMMA = YES;
				CLANG_WARN_CONSTANT_CONVERSION = YES;
				CLANG_WARN_DEPRECATED_OBJC_IMPLEMENTATIONS = YES;
				CLANG_WARN_DIRECT_OBJC_ISA_USAGE = YES_ERROR;
				CLANG_WARN_DOCUMENTATION_COMMENTS = YES;
				CLANG_WARN_EMPTY_BODY = YES;
				CLANG_WARN_ENUM_CONVERSION = YES;
				CLANG_WARN_INFINITE_RECURSION = YES;
				CLANG_WARN_INT_CONVERSION = YES;
				CLANG_WARN_NON_LITERAL_NULL_CONVERSION = YES;
				CLANG_WARN_OBJC_IMPLICIT_RETAIN_SELF = YES;
				CLANG_WARN_OBJC_LITERAL_CONVERSION = YES;
				CLANG_WARN_OBJC_ROOT_CLASS = YES_ERROR;
				CLANG_WARN_RANGE_LOOP_ANALYSIS = YES;
				CLANG_WARN_STRICT_PROTOTYPES = YES;
				CLANG_WARN_SUSPICIOUS_MOVE = YES;
				CLANG_WARN_UNGUARDED_AVAILABILITY = YES_AGGRESSIVE;
				CLANG_WARN_UNREACHABLE_CODE = YES;
				CLANG_WARN__DUPLICATE_METHOD_MATCH = YES;
				CODE_SIGN_IDENTITY = "iPhone Developer";
				COPY_PHASE_STRIP = NO;
				DEBUG_INFORMATION_FORMAT = "dwarf-with-dsym";
				ENABLE_NS_ASSERTIONS = NO;
				ENABLE_STRICT_OBJC_MSGSEND = YES;
				GCC_C_LANGUAGE_STANDARD = gnu11;
				GCC_NO_COMMON_BLOCKS = YES;
				GCC_WARN_64_TO_32_BIT_CONVERSION = YES;
				GCC_WARN_ABOUT_RETURN_TYPE = YES_ERROR;
				GCC_WARN_UNDECLARED_SELECTOR = YES;
				GCC_WARN_UNINITIALIZED_AUTOS = YES_AGGRESSIVE;
				GCC_WARN_UNUSED_FUNCTION = YES;
				GCC_WARN_UNUSED_VARIABLE = YES;
				IPHONEOS_DEPLOYMENT_TARGET = 12.0;
				MTL_ENABLE_DEBUG_INFO = NO;
				MTL_FAST_MATH = YES;
				SDKROOT = iphoneos;
				SWIFT_COMPILATION_MODE = wholemodule;
				SWIFT_OPTIMIZATION_LEVEL = "-O";
				VALIDATE_PRODUCT = YES;
			};
			name = Release;
		};
		12DBC45F2182246500B2806F /* Debug */ = {
			isa = XCBuildConfiguration;
			baseConfigurationReference = 7A3AC5FEDF6379C71A793C66 /* Pods-Unwind - Holiday List.debug.xcconfig */;
			buildSettings = {
				ASSETCATALOG_COMPILER_APPICON_NAME = AppIcon;
				CODE_SIGN_STYLE = Automatic;
				DEVELOPMENT_TEAM = KZB38V78PV;
				INFOPLIST_FILE = "Unwind - Holiday List/Info.plist";
				IPHONEOS_DEPLOYMENT_TARGET = 11.0;
				LD_RUNPATH_SEARCH_PATHS = (
					"$(inherited)",
					"@executable_path/Frameworks",
				);
				PRODUCT_BUNDLE_IDENTIFIER = "com.anishgopalvenugopal.Unwind---Holiday-List";
				PRODUCT_NAME = "$(TARGET_NAME)";
				SWIFT_VERSION = 4.2;
				TARGETED_DEVICE_FAMILY = "1,2";
			};
			name = Debug;
		};
		12DBC4602182246500B2806F /* Release */ = {
			isa = XCBuildConfiguration;
			baseConfigurationReference = B4F1E4D93578300225525313 /* Pods-Unwind - Holiday List.release.xcconfig */;
			buildSettings = {
				ASSETCATALOG_COMPILER_APPICON_NAME = AppIcon;
				CODE_SIGN_STYLE = Automatic;
				DEVELOPMENT_TEAM = KZB38V78PV;
				INFOPLIST_FILE = "Unwind - Holiday List/Info.plist";
				IPHONEOS_DEPLOYMENT_TARGET = 11.0;
				LD_RUNPATH_SEARCH_PATHS = (
					"$(inherited)",
					"@executable_path/Frameworks",
				);
				PRODUCT_BUNDLE_IDENTIFIER = "com.anishgopalvenugopal.Unwind---Holiday-List";
				PRODUCT_NAME = "$(TARGET_NAME)";
				SWIFT_VERSION = 4.2;
				TARGETED_DEVICE_FAMILY = "1,2";
			};
			name = Release;
		};
/* End XCBuildConfiguration section */

/* Begin XCConfigurationList section */
		12DBC4472182246400B2806F /* Build configuration list for PBXProject "Unwind - Holiday List" */ = {
			isa = XCConfigurationList;
			buildConfigurations = (
				12DBC45C2182246500B2806F /* Debug */,
				12DBC45D2182246500B2806F /* Release */,
			);
			defaultConfigurationIsVisible = 0;
			defaultConfigurationName = Release;
		};
		12DBC45E2182246500B2806F /* Build configuration list for PBXNativeTarget "Unwind - Holiday List" */ = {
			isa = XCConfigurationList;
			buildConfigurations = (
				12DBC45F2182246500B2806F /* Debug */,
				12DBC4602182246500B2806F /* Release */,
			);
			defaultConfigurationIsVisible = 0;
			defaultConfigurationName = Release;
		};
/* End XCConfigurationList section */
	};
	rootObject = 12DBC4442182246400B2806F /* Project object */;
}
